
Microsoft Visual Studio Solution File, Format Version 12.00
# Visual Studio Version 17
VisualStudioVersion = 17.6.33829.357
MinimumVisualStudioVersion = 10.0.40219.1
Project("{FAE04EC0-301F-11D3-BF4B-00C04F79EFBC}") = "Getsu test task", "Getsu test task.csproj", "{11D9494B-4774-4A87-8652-04D86B8A6FC0}"
EndProject
Global
	GlobalSection(SolutionConfigurationPlatforms) = preSolution
		Debug|Any CPU = Debug|Any CPU
		Release|Any CPU = Release|Any CPU
	EndGlobalSection
	GlobalSection(ProjectConfigurationPlatforms) = postSolution
		{11D9494B-4774-4A87-8652-04D86B8A6FC0}.Debug|Any CPU.ActiveCfg = Debug|Any CPU
		{11D9494B-4774-4A87-8652-04D86B8A6FC0}.Debug|Any CPU.Build.0 = Debug|Any CPU
		{11D9494B-4774-4A87-8652-04D86B8A6FC0}.Release|Any CPU.ActiveCfg = Release|Any CPU
		{11D9494B-4774-4A87-8652-04D86B8A6FC0}.Release|Any CPU.Build.0 = Release|Any CPU
	EndGlobalSection
	GlobalSection(SolutionProperties) = preSolution
		HideSolutionNode = FALSE
	EndGlobalSection
	GlobalSection(ExtensibilityGlobals) = postSolution
		SolutionGuid = {97E5F278-0826-486A-B8A6-652BC4DDF931}
	EndGlobalSection
EndGlobal
